
Microsoft Visual Studio Solution File, Format Version 12.00
# Visual Studio Version 17
VisualStudioVersion = 17.6.33815.320
MinimumVisualStudioVersion = 10.0.40219.1
Project("{FAE04EC0-301F-11D3-BF4B-00C04F79EFBC}") = "ProyectoAlgebraLineal", "ProyectoAlgebraLineal\ProyectoAlgebraLineal.csproj", "{60828322-CE13-463C-ADD0-ACFA22D03B7B}"
EndProject
Global
	GlobalSection(SolutionConfigurationPlatforms) = preSolution
		Debug|Any CPU = Debug|Any CPU
		Release|Any CPU = Release|Any CPU
	EndGlobalSection
	GlobalSection(ProjectConfigurationPlatforms) = postSolution
		{60828322-CE13-463C-ADD0-ACFA22D03B7B}.Debug|Any CPU.ActiveCfg = Debug|Any CPU
		{60828322-CE13-463C-ADD0-ACFA22D03B7B}.Debug|Any CPU.Build.0 = Debug|Any CPU
		{60828322-CE13-463C-ADD0-ACFA22D03B7B}.Release|Any CPU.ActiveCfg = Release|Any CPU
		{60828322-CE13-463C-ADD0-ACFA22D03B7B}.Release|Any CPU.Build.0 = Release|Any CPU
	EndGlobalSection
	GlobalSection(SolutionProperties) = preSolution
		HideSolutionNode = FALSE
	EndGlobalSection
	GlobalSection(ExtensibilityGlobals) = postSolution
		SolutionGuid = {89F6B7AE-A505-4502-A668-08A4ED20582B}
	EndGlobalSection
EndGlobal
